{
  "nodes": {
    "funkwhale": {
      "inputs": {
        "nixpkgs": "nixpkgs"
      },
      "locked": {
        "lastModified": 1695558379,
        "narHash": "sha256-cfCg+laLNNZjnvhmVnsfS6wqS0gRs6wVRoFFmmDuHhw=",
        "owner": "mmai",
        "repo": "funkwhale-flake",
        "rev": "178b7dbe1e01213546aa17def9f7970dc92c1166",
        "type": "github"
      },
      "original": {
        "owner": "mmai",
        "repo": "funkwhale-flake",
        "type": "github"
      }
    },
    "nixpkgs": {
      "locked": {
        "lastModified": 1695416179,
        "narHash": "sha256-610o1+pwbSu+QuF3GE0NU5xQdTHM3t9wyYhB9l94Cd8=",
        "owner": "NixOS",
        "repo": "nixpkgs",
        "rev": "715d72e967ec1dd5ecc71290ee072bcaf5181ed6",
        "type": "github"
      },
      "original": {
        "owner": "NixOS",
        "ref": "nixos-23.05",
        "repo": "nixpkgs",
        "type": "github"
      }
    },
    "nixpkgs_2": {
      "locked": {
        "lastModified": 1688939073,
        "narHash": "sha256-jYhYjeK5s6k8QS3i+ovq9VZqBJaWbxm7awTKNhHL9d0=",
        "owner": "NixOS",
        "repo": "nixpkgs",
        "rev": "8df7a67abaf8aefc8a2839e0b48f92fdcf69a38b",
        "type": "github"
      },
      "original": {
        "owner": "NixOS",
        "ref": "nixos-23.05",
        "repo": "nixpkgs",
        "type": "github"
      }
    },
    "root": {
      "inputs": {
        "funkwhale": "funkwhale",
        "nixpkgs": "nixpkgs_2"
      }
    }
  },
  "root": "root",
  "version": 7
}
