{
  "nodes": {
    "funkwhale": {
      "inputs": {
        "nixpkgs": "nixpkgs"
      },
      "locked": {
        "lastModified": 1613742170,
        "narHash": "sha256-9frahCPEflrxRGH4moFgnxxbsIjlHd21gClB6M+wsrM=",
        "owner": "mmai",
        "repo": "funkwhale-flake",
        "rev": "22b55083e549a57a20c2df57e1856c0856b473c7",
        "type": "github"
      },
      "original": {
        "owner": "mmai",
        "repo": "funkwhale-flake",
        "type": "github"
      }
    },
    "nixpkgs": {
      "locked": {
        "lastModified": 1612995862,
        "narHash": "sha256-VJPQtC8WDPvQVQGolJqp2i43Yr9bvbyqGK3oWMa5+8g=",
        "owner": "NixOS",
        "repo": "nixpkgs",
        "rev": "2394284537b89471c87065b040d3dedd8b5907fe",
        "type": "github"
      },
      "original": {
        "owner": "NixOS",
        "ref": "nixos-20.09",
        "repo": "nixpkgs",
        "type": "github"
      }
    },
    "nixpkgs_2": {
      "locked": {
        "lastModified": 1615028506,
        "narHash": "sha256-OiRfJ81e/kDAtg6YOlaVbvXLZ6tbo2Av/SEC1qs4WnE=",
        "owner": "NixOS",
        "repo": "nixpkgs",
        "rev": "37b47da04ca50d17934881192e65ad2df83704b5",
        "type": "github"
      },
      "original": {
        "owner": "NixOS",
        "ref": "nixos-20.09",
        "repo": "nixpkgs",
        "type": "github"
      }
    },
    "root": {
      "inputs": {
        "funkwhale": "funkwhale",
        "nixpkgs": "nixpkgs_2"
      }
    }
  },
  "root": "root",
  "version": 7
}
