{
  "nodes": {
    "nixpkgs": {
      "locked": {
        "lastModified": 1603176674,
        "narHash": "sha256-r9vgYYqL1HfhMaVJX3b0rBoKHsc4FSSVnWArevM1Nss=",
        "owner": "NixOS",
        "repo": "nixpkgs",
        "rev": "05334ad78526ead39af85f846515606d9f052a11",
        "type": "github"
      },
      "original": {
        "owner": "NixOS",
        "ref": "nixos-20.09",
        "repo": "nixpkgs",
        "type": "github"
      }
    },
    "root": {
      "inputs": {
        "nixpkgs": "nixpkgs"
      }
    }
  },
  "root": "root",
  "version": 7
}
