{
  "nodes": {
    "nixpkgs": {
      "locked": {
        "lastModified": 1615762012,
        "narHash": "sha256-mcbJZ8Cdar+ZKSKdSsGiOdDIkyLz5KMsRozXtkvG5jM=",
        "owner": "NixOS",
        "repo": "nixpkgs",
        "rev": "bba2f2bdc4d711625a8b7c1725177fe0ab72bbd0",
        "type": "github"
      },
      "original": {
        "owner": "NixOS",
        "ref": "nixos-20.09",
        "repo": "nixpkgs",
        "type": "github"
      }
    },
    "root": {
      "inputs": {
        "nixpkgs": "nixpkgs"
      }
    }
  },
  "root": "root",
  "version": 7
}
